
Microsoft Visual Studio Solution File, Format Version 10.00
# Visual Studio 2008
Project("{8BC9CEB8-8B4A-11D0-8D11-00A0C91BC942}") = "AbstractFactory", "AbstractFactory\AbstractFactory.vcproj", "{401896CA-37D3-4CDC-9099-E35C0D28C756}"
EndProject
Project("{8BC9CEB8-8B4A-11D0-8D11-00A0C91BC942}") = "Builder", "Builder\Builder.vcproj", "{43899606-DC98-4203-86AC-58E75F663674}"
EndProject
Project("{8BC9CEB8-8B4A-11D0-8D11-00A0C91BC942}") = "Facade", "Facade\Facade.vcproj", "{02BF29FD-E57C-497A-99D5-86F3DDDD651F}"
EndProject
Project("{8BC9CEB8-8B4A-11D0-8D11-00A0C91BC942}") = "Observer", "Observer\Observer.vcproj", "{424D69DE-A196-491F-A037-3F4D59CE0347}"
EndProject
Global
	GlobalSection(SolutionConfigurationPlatforms) = preSolution
		Debug|Win32 = Debug|Win32
		Release|Win32 = Release|Win32
	EndGlobalSection
	GlobalSection(ProjectConfigurationPlatforms) = postSolution
		{401896CA-37D3-4CDC-9099-E35C0D28C756}.Debug|Win32.ActiveCfg = Debug|Win32
		{401896CA-37D3-4CDC-9099-E35C0D28C756}.Debug|Win32.Build.0 = Debug|Win32
		{401896CA-37D3-4CDC-9099-E35C0D28C756}.Release|Win32.ActiveCfg = Release|Win32
		{401896CA-37D3-4CDC-9099-E35C0D28C756}.Release|Win32.Build.0 = Release|Win32
		{43899606-DC98-4203-86AC-58E75F663674}.Debug|Win32.ActiveCfg = Debug|Win32
		{43899606-DC98-4203-86AC-58E75F663674}.Debug|Win32.Build.0 = Debug|Win32
		{43899606-DC98-4203-86AC-58E75F663674}.Release|Win32.ActiveCfg = Release|Win32
		{43899606-DC98-4203-86AC-58E75F663674}.Release|Win32.Build.0 = Release|Win32
		{02BF29FD-E57C-497A-99D5-86F3DDDD651F}.Debug|Win32.ActiveCfg = Debug|Win32
		{02BF29FD-E57C-497A-99D5-86F3DDDD651F}.Debug|Win32.Build.0 = Debug|Win32
		{02BF29FD-E57C-497A-99D5-86F3DDDD651F}.Release|Win32.ActiveCfg = Release|Win32
		{02BF29FD-E57C-497A-99D5-86F3DDDD651F}.Release|Win32.Build.0 = Release|Win32
		{424D69DE-A196-491F-A037-3F4D59CE0347}.Debug|Win32.ActiveCfg = Debug|Win32
		{424D69DE-A196-491F-A037-3F4D59CE0347}.Debug|Win32.Build.0 = Debug|Win32
		{424D69DE-A196-491F-A037-3F4D59CE0347}.Release|Win32.ActiveCfg = Release|Win32
		{424D69DE-A196-491F-A037-3F4D59CE0347}.Release|Win32.Build.0 = Release|Win32
	EndGlobalSection
	GlobalSection(SolutionProperties) = preSolution
		HideSolutionNode = FALSE
	EndGlobalSection
EndGlobal
